
Microsoft Visual Studio Solution File, Format Version 12.00
# Visual Studio Version 16
VisualStudioVersion = 16.0.31624.102
MinimumVisualStudioVersion = 10.0.40219.1
Project("{FAE04EC0-301F-11D3-BF4B-00C04F79EFBC}") = "kuyruk", "kuyruk\kuyruk.csproj", "{98DF84B9-A7A5-4A82-8DB6-CD5FB69CD980}"
EndProject
Global
	GlobalSection(SolutionConfigurationPlatforms) = preSolution
		Debug|Any CPU = Debug|Any CPU
		Release|Any CPU = Release|Any CPU
	EndGlobalSection
	GlobalSection(ProjectConfigurationPlatforms) = postSolution
		{98DF84B9-A7A5-4A82-8DB6-CD5FB69CD980}.Debug|Any CPU.ActiveCfg = Debug|Any CPU
		{98DF84B9-A7A5-4A82-8DB6-CD5FB69CD980}.Debug|Any CPU.Build.0 = Debug|Any CPU
		{98DF84B9-A7A5-4A82-8DB6-CD5FB69CD980}.Release|Any CPU.ActiveCfg = Release|Any CPU
		{98DF84B9-A7A5-4A82-8DB6-CD5FB69CD980}.Release|Any CPU.Build.0 = Release|Any CPU
	EndGlobalSection
	GlobalSection(SolutionProperties) = preSolution
		HideSolutionNode = FALSE
	EndGlobalSection
	GlobalSection(ExtensibilityGlobals) = postSolution
		SolutionGuid = {26DE4F5F-C1AA-4252-8341-2659B4F22F20}
	EndGlobalSection
EndGlobal
